
Microsoft Visual Studio Solution File, Format Version 12.00
# Visual Studio Version 16
VisualStudioVersion = 16.0.29806.167
MinimumVisualStudioVersion = 10.0.40219.1
Project("{9A19103F-16F7-4668-BE54-9A1E7A4F7556}") = "utilities", "utilities\utilities.csproj", "{36705203-E20E-4C99-B013-4A816EEDCCAF}"
EndProject
Project("{FAE04EC0-301F-11D3-BF4B-00C04F79EFBC}") = "databaseUtilities", "databaseUtilities\databaseUtilities.csproj", "{3CEB33ED-566B-4D02-B054-2FE5CE19F590}"
EndProject
Global
	GlobalSection(SolutionConfigurationPlatforms) = preSolution
		Debug|Any CPU = Debug|Any CPU
		Release|Any CPU = Release|Any CPU
	EndGlobalSection
	GlobalSection(ProjectConfigurationPlatforms) = postSolution
		{36705203-E20E-4C99-B013-4A816EEDCCAF}.Debug|Any CPU.ActiveCfg = Debug|Any CPU
		{36705203-E20E-4C99-B013-4A816EEDCCAF}.Debug|Any CPU.Build.0 = Debug|Any CPU
		{36705203-E20E-4C99-B013-4A816EEDCCAF}.Release|Any CPU.ActiveCfg = Release|Any CPU
		{36705203-E20E-4C99-B013-4A816EEDCCAF}.Release|Any CPU.Build.0 = Release|Any CPU
		{3CEB33ED-566B-4D02-B054-2FE5CE19F590}.Debug|Any CPU.ActiveCfg = Debug|Any CPU
		{3CEB33ED-566B-4D02-B054-2FE5CE19F590}.Debug|Any CPU.Build.0 = Debug|Any CPU
		{3CEB33ED-566B-4D02-B054-2FE5CE19F590}.Release|Any CPU.ActiveCfg = Release|Any CPU
		{3CEB33ED-566B-4D02-B054-2FE5CE19F590}.Release|Any CPU.Build.0 = Release|Any CPU
	EndGlobalSection
	GlobalSection(SolutionProperties) = preSolution
		HideSolutionNode = FALSE
	EndGlobalSection
	GlobalSection(ExtensibilityGlobals) = postSolution
		SolutionGuid = {DBEA1FFB-9306-43D8-BE6C-EFEFA126AF11}
	EndGlobalSection
EndGlobal
